
Microsoft Visual Studio Solution File, Format Version 12.00
# Visual Studio 2012
Project("{8BC9CEB8-8B4A-11D0-8D11-00A0C91BC942}") = "vsproj", "vsproj.vcxproj", "{8CD17012-151E-4498-850D-3B138DF8C419}"
EndProject
Global
	GlobalSection(SolutionConfigurationPlatforms) = preSolution
		Debug|Win32 = Debug|Win32
		Release|Win32 = Release|Win32
	EndGlobalSection
	GlobalSection(ProjectConfigurationPlatforms) = postSolution
		{8CD17012-151E-4498-850D-3B138DF8C419}.Debug|Win32.ActiveCfg = Debug|Win32
		{8CD17012-151E-4498-850D-3B138DF8C419}.Debug|Win32.Build.0 = Debug|Win32
		{8CD17012-151E-4498-850D-3B138DF8C419}.Release|Win32.ActiveCfg = Release|Win32
		{8CD17012-151E-4498-850D-3B138DF8C419}.Release|Win32.Build.0 = Release|Win32
	EndGlobalSection
	GlobalSection(SolutionProperties) = preSolution
		HideSolutionNode = FALSE
	EndGlobalSection
EndGlobal
